
Microsoft Visual Studio Solution File, Format Version 12.00
# Visual Studio Version 16
VisualStudioVersion = 16.0.31507.150
MinimumVisualStudioVersion = 10.0.40219.1
Project("{FAE04EC0-301F-11D3-BF4B-00C04F79EFBC}") = "DataConnector.Function", "DataConnector.Function\DataConnector.Function.csproj", "{A12B34EB-C766-42C1-BAAB-0EF4CCF2D70E}"
EndProject
Project("{FAE04EC0-301F-11D3-BF4B-00C04F79EFBC}") = "DataConnector.Intg", "DataConnector.Intg\DataConnector.Intg.csproj", "{BF28A4B8-E848-4C3D-B248-EB5CF0AEDC61}"
EndProject
Global
	GlobalSection(SolutionConfigurationPlatforms) = preSolution
		Debug|Any CPU = Debug|Any CPU
		Release|Any CPU = Release|Any CPU
	EndGlobalSection
	GlobalSection(ProjectConfigurationPlatforms) = postSolution
		{A12B34EB-C766-42C1-BAAB-0EF4CCF2D70E}.Debug|Any CPU.ActiveCfg = Debug|Any CPU
		{A12B34EB-C766-42C1-BAAB-0EF4CCF2D70E}.Debug|Any CPU.Build.0 = Debug|Any CPU
		{A12B34EB-C766-42C1-BAAB-0EF4CCF2D70E}.Release|Any CPU.ActiveCfg = Release|Any CPU
		{A12B34EB-C766-42C1-BAAB-0EF4CCF2D70E}.Release|Any CPU.Build.0 = Release|Any CPU
		{BF28A4B8-E848-4C3D-B248-EB5CF0AEDC61}.Debug|Any CPU.ActiveCfg = Debug|Any CPU
		{BF28A4B8-E848-4C3D-B248-EB5CF0AEDC61}.Debug|Any CPU.Build.0 = Debug|Any CPU
		{BF28A4B8-E848-4C3D-B248-EB5CF0AEDC61}.Release|Any CPU.ActiveCfg = Release|Any CPU
		{BF28A4B8-E848-4C3D-B248-EB5CF0AEDC61}.Release|Any CPU.Build.0 = Release|Any CPU
	EndGlobalSection
	GlobalSection(SolutionProperties) = preSolution
		HideSolutionNode = FALSE
	EndGlobalSection
	GlobalSection(ExtensibilityGlobals) = postSolution
		SolutionGuid = {5576860C-4E8A-4B7F-A84B-252623EE2727}
	EndGlobalSection
EndGlobal
